
Microsoft Visual Studio Solution File, Format Version 11.00
# Visual Studio 2010
Project("{FAE04EC0-301F-11D3-BF4B-00C04F79EFBC}") = "db4oPad", "db4oPad\db4oPad.csproj", "{06F076CA-6F7F-4E1C-B6BF-9E1A0F479AAB}"
EndProject
Global
	GlobalSection(SolutionConfigurationPlatforms) = preSolution
		Debug|Any CPU = Debug|Any CPU
		Release|Any CPU = Release|Any CPU
	EndGlobalSection
	GlobalSection(ProjectConfigurationPlatforms) = postSolution
		{06F076CA-6F7F-4E1C-B6BF-9E1A0F479AAB}.Debug|Any CPU.ActiveCfg = Debug|Any CPU
		{06F076CA-6F7F-4E1C-B6BF-9E1A0F479AAB}.Debug|Any CPU.Build.0 = Debug|Any CPU
		{06F076CA-6F7F-4E1C-B6BF-9E1A0F479AAB}.Release|Any CPU.ActiveCfg = Release|Any CPU
		{06F076CA-6F7F-4E1C-B6BF-9E1A0F479AAB}.Release|Any CPU.Build.0 = Release|Any CPU
	EndGlobalSection
	GlobalSection(SolutionProperties) = preSolution
		HideSolutionNode = FALSE
	EndGlobalSection
EndGlobal
