
Microsoft Visual Studio Solution File, Format Version 11.00
# Visual Studio 2010
Project("{FAE04EC0-301F-11D3-BF4B-00C04F79EFBC}") = "db4oPad", "db4oPad\db4oPad.csproj", "{06F076CA-6F7F-4E1C-B6BF-9E1A0F479AAB}"
EndProject
Project("{FAE04EC0-301F-11D3-BF4B-00C04F79EFBC}") = "Gamlor.Db4oPad.Tests", "Gamlor.Db4oPad.Tests\Gamlor.Db4oPad.Tests.csproj", "{005F6FA5-3B37-407A-B042-98FDB49E9AE7}"
EndProject
Project("{FAE04EC0-301F-11D3-BF4B-00C04F79EFBC}") = "Sprache", "Sprache\Sprache.csproj", "{DF5FE6F0-5ABE-4363-9184-EB6EF64F0F61}"
EndProject
Project("{FAE04EC0-301F-11D3-BF4B-00C04F79EFBC}") = "Gamlor.Db4oPad.ExternalAssemblyForTests", "Gamlor.Db4oPad.ExternalAssemblyForTests\Gamlor.Db4oPad.ExternalAssemblyForTests.csproj", "{E23756A0-89E7-42DA-B6E8-AB3A111372B5}"
EndProject
Project("{FAE04EC0-301F-11D3-BF4B-00C04F79EFBC}") = "Db4oPad.TestDBs", "Db4oPad.TestDBs\Db4oPad.TestDBs.csproj", "{DF77C371-FFC8-4DFB-B396-EE32446078E8}"
EndProject
Global
	GlobalSection(SolutionConfigurationPlatforms) = preSolution
		Debug|Any CPU = Debug|Any CPU
		Debug|Mixed Platforms = Debug|Mixed Platforms
		Debug|x86 = Debug|x86
		Release|Any CPU = Release|Any CPU
		Release|Mixed Platforms = Release|Mixed Platforms
		Release|x86 = Release|x86
	EndGlobalSection
	GlobalSection(ProjectConfigurationPlatforms) = postSolution
		{06F076CA-6F7F-4E1C-B6BF-9E1A0F479AAB}.Debug|Any CPU.ActiveCfg = Debug|Any CPU
		{06F076CA-6F7F-4E1C-B6BF-9E1A0F479AAB}.Debug|Any CPU.Build.0 = Debug|Any CPU
		{06F076CA-6F7F-4E1C-B6BF-9E1A0F479AAB}.Debug|Mixed Platforms.ActiveCfg = Debug|Any CPU
		{06F076CA-6F7F-4E1C-B6BF-9E1A0F479AAB}.Debug|Mixed Platforms.Build.0 = Debug|Any CPU
		{06F076CA-6F7F-4E1C-B6BF-9E1A0F479AAB}.Debug|x86.ActiveCfg = Debug|Any CPU
		{06F076CA-6F7F-4E1C-B6BF-9E1A0F479AAB}.Release|Any CPU.ActiveCfg = Release|Any CPU
		{06F076CA-6F7F-4E1C-B6BF-9E1A0F479AAB}.Release|Any CPU.Build.0 = Release|Any CPU
		{06F076CA-6F7F-4E1C-B6BF-9E1A0F479AAB}.Release|Mixed Platforms.ActiveCfg = Release|Any CPU
		{06F076CA-6F7F-4E1C-B6BF-9E1A0F479AAB}.Release|Mixed Platforms.Build.0 = Release|Any CPU
		{06F076CA-6F7F-4E1C-B6BF-9E1A0F479AAB}.Release|x86.ActiveCfg = Release|Any CPU
		{005F6FA5-3B37-407A-B042-98FDB49E9AE7}.Debug|Any CPU.ActiveCfg = Debug|Any CPU
		{005F6FA5-3B37-407A-B042-98FDB49E9AE7}.Debug|Any CPU.Build.0 = Debug|Any CPU
		{005F6FA5-3B37-407A-B042-98FDB49E9AE7}.Debug|Mixed Platforms.ActiveCfg = Debug|Any CPU
		{005F6FA5-3B37-407A-B042-98FDB49E9AE7}.Debug|Mixed Platforms.Build.0 = Debug|Any CPU
		{005F6FA5-3B37-407A-B042-98FDB49E9AE7}.Debug|x86.ActiveCfg = Debug|Any CPU
		{005F6FA5-3B37-407A-B042-98FDB49E9AE7}.Release|Any CPU.ActiveCfg = Release|Any CPU
		{005F6FA5-3B37-407A-B042-98FDB49E9AE7}.Release|Any CPU.Build.0 = Release|Any CPU
		{005F6FA5-3B37-407A-B042-98FDB49E9AE7}.Release|Mixed Platforms.ActiveCfg = Release|Any CPU
		{005F6FA5-3B37-407A-B042-98FDB49E9AE7}.Release|Mixed Platforms.Build.0 = Release|Any CPU
		{005F6FA5-3B37-407A-B042-98FDB49E9AE7}.Release|x86.ActiveCfg = Release|Any CPU
		{DF5FE6F0-5ABE-4363-9184-EB6EF64F0F61}.Debug|Any CPU.ActiveCfg = Debug|Any CPU
		{DF5FE6F0-5ABE-4363-9184-EB6EF64F0F61}.Debug|Any CPU.Build.0 = Debug|Any CPU
		{DF5FE6F0-5ABE-4363-9184-EB6EF64F0F61}.Debug|Mixed Platforms.ActiveCfg = Debug|x86
		{DF5FE6F0-5ABE-4363-9184-EB6EF64F0F61}.Debug|Mixed Platforms.Build.0 = Debug|x86
		{DF5FE6F0-5ABE-4363-9184-EB6EF64F0F61}.Debug|x86.ActiveCfg = Debug|x86
		{DF5FE6F0-5ABE-4363-9184-EB6EF64F0F61}.Debug|x86.Build.0 = Debug|x86
		{DF5FE6F0-5ABE-4363-9184-EB6EF64F0F61}.Release|Any CPU.ActiveCfg = Release|Any CPU
		{DF5FE6F0-5ABE-4363-9184-EB6EF64F0F61}.Release|Any CPU.Build.0 = Release|Any CPU
		{DF5FE6F0-5ABE-4363-9184-EB6EF64F0F61}.Release|Mixed Platforms.ActiveCfg = Release|x86
		{DF5FE6F0-5ABE-4363-9184-EB6EF64F0F61}.Release|Mixed Platforms.Build.0 = Release|x86
		{DF5FE6F0-5ABE-4363-9184-EB6EF64F0F61}.Release|x86.ActiveCfg = Release|x86
		{DF5FE6F0-5ABE-4363-9184-EB6EF64F0F61}.Release|x86.Build.0 = Release|x86
		{E23756A0-89E7-42DA-B6E8-AB3A111372B5}.Debug|Any CPU.ActiveCfg = Debug|Any CPU
		{E23756A0-89E7-42DA-B6E8-AB3A111372B5}.Debug|Any CPU.Build.0 = Debug|Any CPU
		{E23756A0-89E7-42DA-B6E8-AB3A111372B5}.Debug|Mixed Platforms.ActiveCfg = Debug|Any CPU
		{E23756A0-89E7-42DA-B6E8-AB3A111372B5}.Debug|Mixed Platforms.Build.0 = Debug|Any CPU
		{E23756A0-89E7-42DA-B6E8-AB3A111372B5}.Debug|x86.ActiveCfg = Debug|Any CPU
		{E23756A0-89E7-42DA-B6E8-AB3A111372B5}.Release|Any CPU.ActiveCfg = Release|Any CPU
		{E23756A0-89E7-42DA-B6E8-AB3A111372B5}.Release|Any CPU.Build.0 = Release|Any CPU
		{E23756A0-89E7-42DA-B6E8-AB3A111372B5}.Release|Mixed Platforms.ActiveCfg = Release|Any CPU
		{E23756A0-89E7-42DA-B6E8-AB3A111372B5}.Release|Mixed Platforms.Build.0 = Release|Any CPU
		{E23756A0-89E7-42DA-B6E8-AB3A111372B5}.Release|x86.ActiveCfg = Release|Any CPU
		{DF77C371-FFC8-4DFB-B396-EE32446078E8}.Debug|Any CPU.ActiveCfg = Debug|x86
		{DF77C371-FFC8-4DFB-B396-EE32446078E8}.Debug|Mixed Platforms.ActiveCfg = Debug|x86
		{DF77C371-FFC8-4DFB-B396-EE32446078E8}.Debug|Mixed Platforms.Build.0 = Debug|x86
		{DF77C371-FFC8-4DFB-B396-EE32446078E8}.Debug|x86.ActiveCfg = Debug|x86
		{DF77C371-FFC8-4DFB-B396-EE32446078E8}.Debug|x86.Build.0 = Debug|x86
		{DF77C371-FFC8-4DFB-B396-EE32446078E8}.Release|Any CPU.ActiveCfg = Release|x86
		{DF77C371-FFC8-4DFB-B396-EE32446078E8}.Release|Mixed Platforms.ActiveCfg = Release|x86
		{DF77C371-FFC8-4DFB-B396-EE32446078E8}.Release|Mixed Platforms.Build.0 = Release|x86
		{DF77C371-FFC8-4DFB-B396-EE32446078E8}.Release|x86.ActiveCfg = Release|x86
		{DF77C371-FFC8-4DFB-B396-EE32446078E8}.Release|x86.Build.0 = Release|x86
	EndGlobalSection
	GlobalSection(SolutionProperties) = preSolution
		HideSolutionNode = FALSE
	EndGlobalSection
	GlobalSection(NDepend) = preSolution
		Project = ""
	EndGlobalSection
EndGlobal
